
Microsoft Visual Studio Solution File, Format Version 12.00
# Visual Studio 14
VisualStudioVersion = 14.0.24720.0
MinimumVisualStudioVersion = 10.0.40219.1
Project("{FAE04EC0-301F-11D3-BF4B-00C04F79EFBC}") = "Kastelo", "Kastelo\Kastelo.csproj", "{561B38EC-C444-413D-9B62-765CC22B62B1}"
EndProject
Project("{FAE04EC0-301F-11D3-BF4B-00C04F79EFBC}") = "Tao.CredentialStore", "Tao.CredentialStore\Tao.CredentialStore.csproj", "{7F660A55-2046-4EF6-A867-62C3DBF8FAEB}"
EndProject
Global
	GlobalSection(SolutionConfigurationPlatforms) = preSolution
		Debug|Any CPU = Debug|Any CPU
		Release|Any CPU = Release|Any CPU
	EndGlobalSection
	GlobalSection(ProjectConfigurationPlatforms) = postSolution
		{561B38EC-C444-413D-9B62-765CC22B62B1}.Debug|Any CPU.ActiveCfg = Debug|Any CPU
		{561B38EC-C444-413D-9B62-765CC22B62B1}.Debug|Any CPU.Build.0 = Debug|Any CPU
		{561B38EC-C444-413D-9B62-765CC22B62B1}.Release|Any CPU.ActiveCfg = Release|Any CPU
		{561B38EC-C444-413D-9B62-765CC22B62B1}.Release|Any CPU.Build.0 = Release|Any CPU
		{7F660A55-2046-4EF6-A867-62C3DBF8FAEB}.Debug|Any CPU.ActiveCfg = Debug|Any CPU
		{7F660A55-2046-4EF6-A867-62C3DBF8FAEB}.Debug|Any CPU.Build.0 = Debug|Any CPU
		{7F660A55-2046-4EF6-A867-62C3DBF8FAEB}.Release|Any CPU.ActiveCfg = Release|Any CPU
		{7F660A55-2046-4EF6-A867-62C3DBF8FAEB}.Release|Any CPU.Build.0 = Release|Any CPU
	EndGlobalSection
	GlobalSection(SolutionProperties) = preSolution
		HideSolutionNode = FALSE
	EndGlobalSection
	GlobalSection(TeamFoundationVersionControl) = preSolution
		SccNumberOfProjects = 3
		SccEnterpriseProvider = {4CA58AB2-18FA-4F8D-95D4-32DDF27D184C}
		SccTeamFoundationServer = http://sol:8080/tfs/defaultcollection
		SccLocalPath0 = .
		SccProjectUniqueName1 = Kastelo\\Kastelo.csproj
		SccProjectName1 = Kastelo
		SccLocalPath1 = Kastelo
		SccProjectUniqueName2 = Tao.CredentialStore\\Tao.CredentialStore.csproj
		SccProjectName2 = Tao.CredentialStore
		SccLocalPath2 = Tao.CredentialStore
	EndGlobalSection
EndGlobal
